// !$*UTF8*$!
{
	archiveVersion = 1;
	classes = {
	};
	objectVersion = 77;
	objects = {

/* Begin PBXBuildFile section */
		020425E6F2E7989A31685AA5 /* TiltSweepBehavior.swift in Sources */ = {isa = PBXBuildFile; fileRef = 43DFE39EC329F1DB3CEF5B16 /* TiltSweepBehavior.swift */; };
		025E4A236227BD64554D218E /* AudioDebugView.swift in Sources */ = {isa = PBXBuildFile; fileRef = 4335C4D6C55FB975B781B45A /* AudioDebugView.swift */; };
		066421FB541F941F6242F8A9 /* SceneLibrary.swift in Sources */ = {isa = PBXBuildFile; fileRef = 04746DAF391004E15406A9B9 /* SceneLibrary.swift */; };
		06F3C09975EFC2423CAACBBD /* TestAudioService.swift in Sources */ = {isa = PBXBuildFile; fileRef = 8E30496912902BB73F0D26E5 /* TestAudioService.swift */; };
		0CBB802AFF4C12D6A267EC54 /* DMXScene.swift in Sources */ = {isa = PBXBuildFile; fileRef = FA7895FB9760B896FC38858D /* DMXScene.swift */; };
		0DCEDBF76D11BB811E2F863A /* BreatheBehavior.swift in Sources */ = {isa = PBXBuildFile; fileRef = 9C6CF91286883D77967C2412 /* BreatheBehavior.swift */; };
		0F0FCCB822ED6E834E61741D /* FixtureDefinition.swift in Sources */ = {isa = PBXBuildFile; fileRef = C229E5F7A1F59612A6BEBFB3 /* FixtureDefinition.swift */; };
		11527726883C21D6213661CE /* ChaseBehavior.swift in Sources */ = {isa = PBXBuildFile; fileRef = 03181DDCD678F005B13C1308 /* ChaseBehavior.swift */; };
		1633DEA713D4EE32C63D8DBF /* DecisionEngineService.swift in Sources */ = {isa = PBXBuildFile; fileRef = 8D20517AAAE1EAC51CDF22D4 /* DecisionEngineService.swift */; };
		198F2823B9C7E6FAF67E915D /* MoodState.swift in Sources */ = {isa = PBXBuildFile; fileRef = F4760DCAC878E679FA2EEFF4 /* MoodState.swift */; };
		21584EACFCB4DF321D149B62 /* BehaviorSlot.swift in Sources */ = {isa = PBXBuildFile; fileRef = 622450748D0F489CF71B0B0E /* BehaviorSlot.swift */; };
		2276ED5989DD9F172CA7E01F /* Fixture.swift in Sources */ = {isa = PBXBuildFile; fileRef = FFF20F127C9436DDFB8A4976 /* Fixture.swift */; };
		22AC50C02F24CAE5B0029AD7 /* SceneTaggingView.swift in Sources */ = {isa = PBXBuildFile; fileRef = EF72DE15873ADCC2486BA9EC /* SceneTaggingView.swift */; };
		2F6DB3D6B96C47001D82919F /* EngineClock.swift in Sources */ = {isa = PBXBuildFile; fileRef = DDB76240FBE009FD896C172D /* EngineClock.swift */; };
		31616630967ABA8F88B4FAFC /* PanSweepBehavior.swift in Sources */ = {isa = PBXBuildFile; fileRef = AD5B6E23A31A13E0042BD240 /* PanSweepBehavior.swift */; };
		31F1B192CED31C94ED6463E9 /* FixtureTranslator.swift in Sources */ = {isa = PBXBuildFile; fileRef = 1D3FF5E2B5704EF58B425E98 /* FixtureTranslator.swift */; };
		342421959A9DD2A54E79B71B /* VirtualStageView.swift in Sources */ = {isa = PBXBuildFile; fileRef = 49E1F8610E96FE6AEAAEECBA /* VirtualStageView.swift */; };
		3585B984D13B999891A6C547 /* Assets.xcassets in Resources */ = {isa = PBXBuildFile; fileRef = 0EAA08AD57A8AD3ED95BD348 /* Assets.xcassets */; };
		3969BFD5E5A2D472727D7EDA /* CueService.swift in Sources */ = {isa = PBXBuildFile; fileRef = AAC1DDC62C405FAB0DF86EA3 /* CueService.swift */; };
		3E28C5F1F26FD1866472C9CD /* WilsonTests.swift in Sources */ = {isa = PBXBuildFile; fileRef = D0C68BB924C98F5A13EB112B /* WilsonTests.swift */; };
		3FB66DE836B42D0530B775F7 /* ColorEngine.swift in Sources */ = {isa = PBXBuildFile; fileRef = 90CC86618FDF62AC61E8E4EE /* ColorEngine.swift */; };
		4025F08B9F236D76BFE48EB4 /* MoodEngine.swift in Sources */ = {isa = PBXBuildFile; fileRef = 0F5457A978B7E5C5364E4317 /* MoodEngine.swift */; };
		41107FCA8A49B15D0723D05D /* StageSceneCoordinator.swift in Sources */ = {isa = PBXBuildFile; fileRef = D3DA62BF67046527149AC07B /* StageSceneCoordinator.swift */; };
		45F1417123FFF6AEBCA4864E /* SpectralAnalyzer.swift in Sources */ = {isa = PBXBuildFile; fileRef = BCFAE8DBEF7680810286F02E /* SpectralAnalyzer.swift */; };
		46587113B0057FFA393339E1 /* TelemetryRecorder.swift in Sources */ = {isa = PBXBuildFile; fileRef = 9E5FB61B1C11487ED1A94A85 /* TelemetryRecorder.swift */; };
		4A210165888AB36B0551EA7B /* AdaptiveEnergyNormalizerTests.swift in Sources */ = {isa = PBXBuildFile; fileRef = C1B0FE26139CAFFC06084AF5 /* AdaptiveEnergyNormalizerTests.swift */; };
		4BF0D5D45E4379B64D22005B /* SceneLibraryTests.swift in Sources */ = {isa = PBXBuildFile; fileRef = 66165356EE267EDB47534379 /* SceneLibraryTests.swift */; };
		4EB72066461E958641FBCB78 /* DashboardView.swift in Sources */ = {isa = PBXBuildFile; fileRef = A844464B464E6C6F04651AA3 /* DashboardView.swift */; };
		53F7069187C12A5DE52C6224 /* DMXFrame.swift in Sources */ = {isa = PBXBuildFile; fileRef = 017A399C0A8779816C5A2F65 /* DMXFrame.swift */; };
		54B7381CC6ABC99AE9B9FAAD /* RingBuffer.swift in Sources */ = {isa = PBXBuildFile; fileRef = BBB7E3B0604F9824FA11B068 /* RingBuffer.swift */; };
		559E1766D2449B806B514ED4 /* VirtualFixtureView.swift in Sources */ = {isa = PBXBuildFile; fileRef = 8DB31EBA73D9E8E3B26AFC0B /* VirtualFixtureView.swift */; };
		59C11113EF6365A670E0770C /* VirtualOutputService.swift in Sources */ = {isa = PBXBuildFile; fileRef = 719BD39896E804D1AE715887 /* VirtualOutputService.swift */; };
		618B20A3291748BF08F349DB /* BeatPulseBehavior.swift in Sources */ = {isa = PBXBuildFile; fileRef = FE246F6703A9FDF8BF616663 /* BeatPulseBehavior.swift */; };
		623C99CDA0C0B16CF57CEA4D /* StageMaterials.swift in Sources */ = {isa = PBXBuildFile; fileRef = 38D2105436784A9CD54C80F0 /* StageMaterials.swift */; };
		64B20847837CA6F1E8718623 /* EngineDebugOverlay.swift in Sources */ = {isa = PBXBuildFile; fileRef = 40223F261EB45EE645500E72 /* EngineDebugOverlay.swift */; };
		6B60A71CFEC2FECCC088F66E /* BehaviorContext.swift in Sources */ = {isa = PBXBuildFile; fileRef = 5C5921565D129CC76942BFE0 /* BehaviorContext.swift */; };
		74B5ADE8FDDA944356138820 /* MovementPatternBehavior.swift in Sources */ = {isa = PBXBuildFile; fileRef = DEC18A788496C75992581E05 /* MovementPatternBehavior.swift */; };
		74C556662A4C8B32F6858950 /* MusicalState.swift in Sources */ = {isa = PBXBuildFile; fileRef = 3F00BBFE9999D285B82C15F4 /* MusicalState.swift */; };
		7545605DD543AAA2483E83F3 /* ColorSplitBehavior.swift in Sources */ = {isa = PBXBuildFile; fileRef = 4E9FF7BEB00E1E18C098020E /* ColorSplitBehavior.swift */; };
		7876ED0D61DB35ABFC8694CF /* ChromagramAnalyzer.swift in Sources */ = {isa = PBXBuildFile; fileRef = 423378397700EE14F5D341A3 /* ChromagramAnalyzer.swift */; };
		7B50EBAE6EE07AB84E5131A2 /* StageFixture.swift in Sources */ = {isa = PBXBuildFile; fileRef = 9D84599BDE06A4BD048191D9 /* StageFixture.swift */; };
		7DF919E3E536C59EEB1A1031 /* LightDesignerView.swift in Sources */ = {isa = PBXBuildFile; fileRef = B3C672F2C193FF55199BC816 /* LightDesignerView.swift */; };
		81030A3C16815BFAC8217620 /* WilsonApp.swift in Sources */ = {isa = PBXBuildFile; fileRef = C93AED515DAC28AB427A09E4 /* WilsonApp.swift */; };
		83553C7E4955CD7424F2BAA5 /* CoreAudioTapService.swift in Sources */ = {isa = PBXBuildFile; fileRef = CEAA64AA03AB455212258E7C /* CoreAudioTapService.swift */; };
		836346D4FE70017AADCEBEDD /* TracerBulletTests.swift in Sources */ = {isa = PBXBuildFile; fileRef = 7DFD136ACB72217B7A54A345 /* TracerBulletTests.swift */; };
		83ABB2974CCD486C57DFF6AC /* VerticalFaderView.swift in Sources */ = {isa = PBXBuildFile; fileRef = 99F5C6F9ECE1B05008E14D6A /* VerticalFaderView.swift */; };
		83F77200F277116A863D02E8 /* ChannelFaderView.swift in Sources */ = {isa = PBXBuildFile; fileRef = A6BA759AF5AB531074E9122F /* ChannelFaderView.swift */; };
		8D66A6BEDD3886B0F236380A /* FixtureGroup.swift in Sources */ = {isa = PBXBuildFile; fileRef = E103E235F8DFC78C1A8EE3E4 /* FixtureGroup.swift */; };
		902BD39A1388869834A5D6A9 /* FixtureFaderStripView.swift in Sources */ = {isa = PBXBuildFile; fileRef = 2AECB7CC017271CFE0B121B8 /* FixtureFaderStripView.swift */; };
		92E5E8BD24DE2766919E343A /* MusicalKey+Color.swift in Sources */ = {isa = PBXBuildFile; fileRef = 98A3B6FAE4F868B1305549F6 /* MusicalKey+Color.swift */; };
		93FF02B87F274DC056FB4C31 /* StageGeometry.swift in Sources */ = {isa = PBXBuildFile; fileRef = 0FF4F5C8751513239BE5F449 /* StageGeometry.swift */; };
		97183F12B4C4E5807A29CC11 /* MovementLimiter.swift in Sources */ = {isa = PBXBuildFile; fileRef = 1D111EF534A5B29B507C3487 /* MovementLimiter.swift */; };
		9F1F3E9F67FEFD6C04B10D43 /* StageSceneTests.swift in Sources */ = {isa = PBXBuildFile; fileRef = 5AAB7FD2485FDDE6784BAAD8 /* StageSceneTests.swift */; };
		A45A735A9A42A9A9C25523E9 /* Cue.swift in Sources */ = {isa = PBXBuildFile; fileRef = 8877B2F11C8A5BC94C2B2532 /* Cue.swift */; };
		A9124817F438357EF484AE60 /* FixtureSceneNodes.swift in Sources */ = {isa = PBXBuildFile; fileRef = 07C5614333397C904FA31878 /* FixtureSceneNodes.swift */; };
		A999C9117DA71F443C71EDA1 /* AppState.swift in Sources */ = {isa = PBXBuildFile; fileRef = AB96170AD830DFD81168DA2E /* AppState.swift */; };
		AB3C1278A95855EECA792A45 /* OnsetDetector.swift in Sources */ = {isa = PBXBuildFile; fileRef = 4EE8A1D317633ED05AA283F2 /* OnsetDetector.swift */; };
		AB49C2EFA65339248E2CDE0A /* TiltBounceBehavior.swift in Sources */ = {isa = PBXBuildFile; fileRef = 5B17932CD06D4A6B11FB28DB /* TiltBounceBehavior.swift */; };
		B29183A3DAB5AE6CA793E61A /* DMXOutputService.swift in Sources */ = {isa = PBXBuildFile; fileRef = 6C8FDF609582D0C92EC23DE2 /* DMXOutputService.swift */; };
		B307A2480A106B0BB4ADBF33 /* ControllerToolbarView.swift in Sources */ = {isa = PBXBuildFile; fileRef = 90CC2DB14C6A506F3A041E10 /* ControllerToolbarView.swift */; };
		B4F2F5FD0DF4BA5E2D5C2025 /* FixtureManager.swift in Sources */ = {isa = PBXBuildFile; fileRef = 680653EC2893A552CD747147 /* FixtureManager.swift */; };
		B8BB552EEE75AA4F00FCB462 /* StrobeBehavior.swift in Sources */ = {isa = PBXBuildFile; fileRef = E05687FC23C6A1F0866D807A /* StrobeBehavior.swift */; };
		C09C0B7CABF275C8BFE51FF4 /* StageSceneView.swift in Sources */ = {isa = PBXBuildFile; fileRef = 4F6B0075BAEEEE4FEFB25B97 /* StageSceneView.swift */; };
		C759BFDC313819981A52771E /* FixtureState.swift in Sources */ = {isa = PBXBuildFile; fileRef = 79A7CDC8AEE97A2EB2C49AF0 /* FixtureState.swift */; };
		C7D0B64E76486E227878CE0C /* LookGenerator.swift in Sources */ = {isa = PBXBuildFile; fileRef = C08C34644B3967954C5F085B /* LookGenerator.swift */; };
		C926ED814C7480F0F8785F3A /* AudioAnalysisService.swift in Sources */ = {isa = PBXBuildFile; fileRef = 62F3F2F821C0726058675AF7 /* AudioAnalysisService.swift */; };
		CA96168956126E2C8B0BA5F3 /* BeatTracker.swift in Sources */ = {isa = PBXBuildFile; fileRef = 56B164A7776115CB7706F3CC /* BeatTracker.swift */; };
		D1532F846A79E365B9792DDF /* Behavior.swift in Sources */ = {isa = PBXBuildFile; fileRef = 9F8A41F01F3A15CA136F73F7 /* Behavior.swift */; };
		DAAE1FC8E374FBEC6C145BCC /* EnergyAnalyzer.swift in Sources */ = {isa = PBXBuildFile; fileRef = 721012FB9EABB73E7E4F98EC /* EnergyAnalyzer.swift */; };
		DB8A5C6C8FBF076A8A5485F5 /* FFTEngine.swift in Sources */ = {isa = PBXBuildFile; fileRef = 289A35A7F72F231580CDCAB9 /* FFTEngine.swift */; };
		DF98829A6D3760DF8F13CCCA /* Choreographer.swift in Sources */ = {isa = PBXBuildFile; fileRef = 620FC99A73CD45F40CC77A7E /* Choreographer.swift */; };
		E00FABE291AD209CE94B5BB7 /* FixtureCatalogSheet.swift in Sources */ = {isa = PBXBuildFile; fileRef = 7E29520FAED53858607BD378 /* FixtureCatalogSheet.swift */; };
		E2E5809E9FD650F2B7DAD071 /* AudioAnalysisTests.swift in Sources */ = {isa = PBXBuildFile; fileRef = 81A1809649ECDDFF30D5E44B /* AudioAnalysisTests.swift */; };
		E8339DE2267BB6533FACA57C /* SpectralColorBehavior.swift in Sources */ = {isa = PBXBuildFile; fileRef = 3E27AC8343FFEFFF9153B898 /* SpectralColorBehavior.swift */; };
		F1246AA1783C3914304E9A9E /* ContentView.swift in Sources */ = {isa = PBXBuildFile; fileRef = D6D0510E1433FFA967C6889A /* ContentView.swift */; };
		F23F433123FA06148299A3D2 /* BlackoutAccentBehavior.swift in Sources */ = {isa = PBXBuildFile; fileRef = 064CE256E99995F8663404C2 /* BlackoutAccentBehavior.swift */; };
		F37DC40AC6DE4314312297D5 /* FixtureCatalog.swift in Sources */ = {isa = PBXBuildFile; fileRef = 4963A41F06E9F462AF096A0C /* FixtureCatalog.swift */; };
		F4C15784D3B8C31E344A38AE /* ColorWashBehavior.swift in Sources */ = {isa = PBXBuildFile; fileRef = 06D63A6C67BE7D58C2CC2F35 /* ColorWashBehavior.swift */; };
		F66D5962F509F883510D0748 /* DMXControllerService.swift in Sources */ = {isa = PBXBuildFile; fileRef = CB7F52389C9C40CD3CD25745 /* DMXControllerService.swift */; };
		F98841AF24E6829464DB598D /* DMXControllerView.swift in Sources */ = {isa = PBXBuildFile; fileRef = 51FABBD1BDAB418F2998D839 /* DMXControllerView.swift */; };
		F98EE2E5AEFD60B2417D6007 /* LightColor+Interpolation.swift in Sources */ = {isa = PBXBuildFile; fileRef = 457FD7BB14F45F35C878F8B0 /* LightColor+Interpolation.swift */; };
		F9C40680DF081D2091D8A37E /* RandomLookBehavior.swift in Sources */ = {isa = PBXBuildFile; fileRef = 6D71F92BCA22336F9F99F8A3 /* RandomLookBehavior.swift */; };
		FAFF7C02EE08D1270D5082E2 /* AdaptiveEnergyNormalizer.swift in Sources */ = {isa = PBXBuildFile; fileRef = 32399E23BC210DCDBA80FAA1 /* AdaptiveEnergyNormalizer.swift */; };
		FBC83C01E152FB05B0F5835B /* AudioCaptureService.swift in Sources */ = {isa = PBXBuildFile; fileRef = 730987D1CE95B292649246FF /* AudioCaptureService.swift */; };
		FF0108293FF7732D7A89E3E9 /* DSPPipeline.swift in Sources */ = {isa = PBXBuildFile; fileRef = 1BD6D77DBB932D124934B75E /* DSPPipeline.swift */; };
/* End PBXBuildFile section */

/* Begin PBXContainerItemProxy section */
		BD0968E16064AC8E9280727F /* PBXContainerItemProxy */ = {
			isa = PBXContainerItemProxy;
			containerPortal = 0420E227D786E78EF60D6263 /* Project object */;
			proxyType = 1;
			remoteGlobalIDString = 852F92366F7CAF54DAD8E192;
			remoteInfo = Wilson;
		};
/* End PBXContainerItemProxy section */

/* Begin PBXFileReference section */
		017A399C0A8779816C5A2F65 /* DMXFrame.swift */ = {isa = PBXFileReference; lastKnownFileType = sourcecode.swift; path = DMXFrame.swift; sourceTree = "<group>"; };
		03181DDCD678F005B13C1308 /* ChaseBehavior.swift */ = {isa = PBXFileReference; lastKnownFileType = sourcecode.swift; path = ChaseBehavior.swift; sourceTree = "<group>"; };
		04746DAF391004E15406A9B9 /* SceneLibrary.swift */ = {isa = PBXFileReference; lastKnownFileType = sourcecode.swift; path = SceneLibrary.swift; sourceTree = "<group>"; };
		064CE256E99995F8663404C2 /* BlackoutAccentBehavior.swift */ = {isa = PBXFileReference; lastKnownFileType = sourcecode.swift; path = BlackoutAccentBehavior.swift; sourceTree = "<group>"; };
		06D63A6C67BE7D58C2CC2F35 /* ColorWashBehavior.swift */ = {isa = PBXFileReference; lastKnownFileType = sourcecode.swift; path = ColorWashBehavior.swift; sourceTree = "<group>"; };
		07C5614333397C904FA31878 /* FixtureSceneNodes.swift */ = {isa = PBXFileReference; lastKnownFileType = sourcecode.swift; path = FixtureSceneNodes.swift; sourceTree = "<group>"; };
		0EAA08AD57A8AD3ED95BD348 /* Assets.xcassets */ = {isa = PBXFileReference; lastKnownFileType = folder.assetcatalog; path = Assets.xcassets; sourceTree = "<group>"; };
		0F5457A978B7E5C5364E4317 /* MoodEngine.swift */ = {isa = PBXFileReference; lastKnownFileType = sourcecode.swift; path = MoodEngine.swift; sourceTree = "<group>"; };
		0FF4F5C8751513239BE5F449 /* StageGeometry.swift */ = {isa = PBXFileReference; lastKnownFileType = sourcecode.swift; path = StageGeometry.swift; sourceTree = "<group>"; };
		1BD6D77DBB932D124934B75E /* DSPPipeline.swift */ = {isa = PBXFileReference; lastKnownFileType = sourcecode.swift; path = DSPPipeline.swift; sourceTree = "<group>"; };
		1D111EF534A5B29B507C3487 /* MovementLimiter.swift */ = {isa = PBXFileReference; lastKnownFileType = sourcecode.swift; path = MovementLimiter.swift; sourceTree = "<group>"; };
		1D3FF5E2B5704EF58B425E98 /* FixtureTranslator.swift */ = {isa = PBXFileReference; lastKnownFileType = sourcecode.swift; path = FixtureTranslator.swift; sourceTree = "<group>"; };
		289A35A7F72F231580CDCAB9 /* FFTEngine.swift */ = {isa = PBXFileReference; lastKnownFileType = sourcecode.swift; path = FFTEngine.swift; sourceTree = "<group>"; };
		2AECB7CC017271CFE0B121B8 /* FixtureFaderStripView.swift */ = {isa = PBXFileReference; lastKnownFileType = sourcecode.swift; path = FixtureFaderStripView.swift; sourceTree = "<group>"; };
		32399E23BC210DCDBA80FAA1 /* AdaptiveEnergyNormalizer.swift */ = {isa = PBXFileReference; lastKnownFileType = sourcecode.swift; path = AdaptiveEnergyNormalizer.swift; sourceTree = "<group>"; };
		38D2105436784A9CD54C80F0 /* StageMaterials.swift */ = {isa = PBXFileReference; lastKnownFileType = sourcecode.swift; path = StageMaterials.swift; sourceTree = "<group>"; };
		3E27AC8343FFEFFF9153B898 /* SpectralColorBehavior.swift */ = {isa = PBXFileReference; lastKnownFileType = sourcecode.swift; path = SpectralColorBehavior.swift; sourceTree = "<group>"; };
		3F00BBFE9999D285B82C15F4 /* MusicalState.swift */ = {isa = PBXFileReference; lastKnownFileType = sourcecode.swift; path = MusicalState.swift; sourceTree = "<group>"; };
		40223F261EB45EE645500E72 /* EngineDebugOverlay.swift */ = {isa = PBXFileReference; lastKnownFileType = sourcecode.swift; path = EngineDebugOverlay.swift; sourceTree = "<group>"; };
		423378397700EE14F5D341A3 /* ChromagramAnalyzer.swift */ = {isa = PBXFileReference; lastKnownFileType = sourcecode.swift; path = ChromagramAnalyzer.swift; sourceTree = "<group>"; };
		4335C4D6C55FB975B781B45A /* AudioDebugView.swift */ = {isa = PBXFileReference; lastKnownFileType = sourcecode.swift; path = AudioDebugView.swift; sourceTree = "<group>"; };
		43DFE39EC329F1DB3CEF5B16 /* TiltSweepBehavior.swift */ = {isa = PBXFileReference; lastKnownFileType = sourcecode.swift; path = TiltSweepBehavior.swift; sourceTree = "<group>"; };
		457FD7BB14F45F35C878F8B0 /* LightColor+Interpolation.swift */ = {isa = PBXFileReference; lastKnownFileType = sourcecode.swift; path = "LightColor+Interpolation.swift"; sourceTree = "<group>"; };
		4963A41F06E9F462AF096A0C /* FixtureCatalog.swift */ = {isa = PBXFileReference; lastKnownFileType = sourcecode.swift; path = FixtureCatalog.swift; sourceTree = "<group>"; };
		49E1F8610E96FE6AEAAEECBA /* VirtualStageView.swift */ = {isa = PBXFileReference; lastKnownFileType = sourcecode.swift; path = VirtualStageView.swift; sourceTree = "<group>"; };
		4E9FF7BEB00E1E18C098020E /* ColorSplitBehavior.swift */ = {isa = PBXFileReference; lastKnownFileType = sourcecode.swift; path = ColorSplitBehavior.swift; sourceTree = "<group>"; };
		4EE8A1D317633ED05AA283F2 /* OnsetDetector.swift */ = {isa = PBXFileReference; lastKnownFileType = sourcecode.swift; path = OnsetDetector.swift; sourceTree = "<group>"; };
		4F6B0075BAEEEE4FEFB25B97 /* StageSceneView.swift */ = {isa = PBXFileReference; lastKnownFileType = sourcecode.swift; path = StageSceneView.swift; sourceTree = "<group>"; };
		51FABBD1BDAB418F2998D839 /* DMXControllerView.swift */ = {isa = PBXFileReference; lastKnownFileType = sourcecode.swift; path = DMXControllerView.swift; sourceTree = "<group>"; };
		56B164A7776115CB7706F3CC /* BeatTracker.swift */ = {isa = PBXFileReference; lastKnownFileType = sourcecode.swift; path = BeatTracker.swift; sourceTree = "<group>"; };
		5AAB7FD2485FDDE6784BAAD8 /* StageSceneTests.swift */ = {isa = PBXFileReference; lastKnownFileType = sourcecode.swift; path = StageSceneTests.swift; sourceTree = "<group>"; };
		5B17932CD06D4A6B11FB28DB /* TiltBounceBehavior.swift */ = {isa = PBXFileReference; lastKnownFileType = sourcecode.swift; path = TiltBounceBehavior.swift; sourceTree = "<group>"; };
		5C5921565D129CC76942BFE0 /* BehaviorContext.swift */ = {isa = PBXFileReference; lastKnownFileType = sourcecode.swift; path = BehaviorContext.swift; sourceTree = "<group>"; };
		620FC99A73CD45F40CC77A7E /* Choreographer.swift */ = {isa = PBXFileReference; lastKnownFileType = sourcecode.swift; path = Choreographer.swift; sourceTree = "<group>"; };
		622450748D0F489CF71B0B0E /* BehaviorSlot.swift */ = {isa = PBXFileReference; lastKnownFileType = sourcecode.swift; path = BehaviorSlot.swift; sourceTree = "<group>"; };
		62F3F2F821C0726058675AF7 /* AudioAnalysisService.swift */ = {isa = PBXFileReference; lastKnownFileType = sourcecode.swift; path = AudioAnalysisService.swift; sourceTree = "<group>"; };
		638DAB193B0913BC4CEC4D48 /* Wilson.entitlements */ = {isa = PBXFileReference; lastKnownFileType = text.plist.entitlements; path = Wilson.entitlements; sourceTree = "<group>"; };
		66165356EE267EDB47534379 /* SceneLibraryTests.swift */ = {isa = PBXFileReference; lastKnownFileType = sourcecode.swift; path = SceneLibraryTests.swift; sourceTree = "<group>"; };
		680653EC2893A552CD747147 /* FixtureManager.swift */ = {isa = PBXFileReference; lastKnownFileType = sourcecode.swift; path = FixtureManager.swift; sourceTree = "<group>"; };
		6C8FDF609582D0C92EC23DE2 /* DMXOutputService.swift */ = {isa = PBXFileReference; lastKnownFileType = sourcecode.swift; path = DMXOutputService.swift; sourceTree = "<group>"; };
		6D71F92BCA22336F9F99F8A3 /* RandomLookBehavior.swift */ = {isa = PBXFileReference; lastKnownFileType = sourcecode.swift; path = RandomLookBehavior.swift; sourceTree = "<group>"; };
		719BD39896E804D1AE715887 /* VirtualOutputService.swift */ = {isa = PBXFileReference; lastKnownFileType = sourcecode.swift; path = VirtualOutputService.swift; sourceTree = "<group>"; };
		721012FB9EABB73E7E4F98EC /* EnergyAnalyzer.swift */ = {isa = PBXFileReference; lastKnownFileType = sourcecode.swift; path = EnergyAnalyzer.swift; sourceTree = "<group>"; };
		730987D1CE95B292649246FF /* AudioCaptureService.swift */ = {isa = PBXFileReference; lastKnownFileType = sourcecode.swift; path = AudioCaptureService.swift; sourceTree = "<group>"; };
		79A7CDC8AEE97A2EB2C49AF0 /* FixtureState.swift */ = {isa = PBXFileReference; lastKnownFileType = sourcecode.swift; path = FixtureState.swift; sourceTree = "<group>"; };
		7DFD136ACB72217B7A54A345 /* TracerBulletTests.swift */ = {isa = PBXFileReference; lastKnownFileType = sourcecode.swift; path = TracerBulletTests.swift; sourceTree = "<group>"; };
		7E29520FAED53858607BD378 /* FixtureCatalogSheet.swift */ = {isa = PBXFileReference; lastKnownFileType = sourcecode.swift; path = FixtureCatalogSheet.swift; sourceTree = "<group>"; };
		81A1809649ECDDFF30D5E44B /* AudioAnalysisTests.swift */ = {isa = PBXFileReference; lastKnownFileType = sourcecode.swift; path = AudioAnalysisTests.swift; sourceTree = "<group>"; };
		8462CECAB199124234E24BE8 /* WilsonTests.xctest */ = {isa = PBXFileReference; explicitFileType = wrapper.cfbundle; includeInIndex = 0; path = WilsonTests.xctest; sourceTree = BUILT_PRODUCTS_DIR; };
		8877B2F11C8A5BC94C2B2532 /* Cue.swift */ = {isa = PBXFileReference; lastKnownFileType = sourcecode.swift; path = Cue.swift; sourceTree = "<group>"; };
		8D20517AAAE1EAC51CDF22D4 /* DecisionEngineService.swift */ = {isa = PBXFileReference; lastKnownFileType = sourcecode.swift; path = DecisionEngineService.swift; sourceTree = "<group>"; };
		8DB31EBA73D9E8E3B26AFC0B /* VirtualFixtureView.swift */ = {isa = PBXFileReference; lastKnownFileType = sourcecode.swift; path = VirtualFixtureView.swift; sourceTree = "<group>"; };
		8E30496912902BB73F0D26E5 /* TestAudioService.swift */ = {isa = PBXFileReference; lastKnownFileType = sourcecode.swift; path = TestAudioService.swift; sourceTree = "<group>"; };
		90CC2DB14C6A506F3A041E10 /* ControllerToolbarView.swift */ = {isa = PBXFileReference; lastKnownFileType = sourcecode.swift; path = ControllerToolbarView.swift; sourceTree = "<group>"; };
		90CC86618FDF62AC61E8E4EE /* ColorEngine.swift */ = {isa = PBXFileReference; lastKnownFileType = sourcecode.swift; path = ColorEngine.swift; sourceTree = "<group>"; };
		98A3B6FAE4F868B1305549F6 /* MusicalKey+Color.swift */ = {isa = PBXFileReference; lastKnownFileType = sourcecode.swift; path = "MusicalKey+Color.swift"; sourceTree = "<group>"; };
		99F5C6F9ECE1B05008E14D6A /* VerticalFaderView.swift */ = {isa = PBXFileReference; lastKnownFileType = sourcecode.swift; path = VerticalFaderView.swift; sourceTree = "<group>"; };
		9C6CF91286883D77967C2412 /* BreatheBehavior.swift */ = {isa = PBXFileReference; lastKnownFileType = sourcecode.swift; path = BreatheBehavior.swift; sourceTree = "<group>"; };
		9D84599BDE06A4BD048191D9 /* StageFixture.swift */ = {isa = PBXFileReference; lastKnownFileType = sourcecode.swift; path = StageFixture.swift; sourceTree = "<group>"; };
		9E5FB61B1C11487ED1A94A85 /* TelemetryRecorder.swift */ = {isa = PBXFileReference; lastKnownFileType = sourcecode.swift; path = TelemetryRecorder.swift; sourceTree = "<group>"; };
		9F8A41F01F3A15CA136F73F7 /* Behavior.swift */ = {isa = PBXFileReference; lastKnownFileType = sourcecode.swift; path = Behavior.swift; sourceTree = "<group>"; };
		A6BA759AF5AB531074E9122F /* ChannelFaderView.swift */ = {isa = PBXFileReference; lastKnownFileType = sourcecode.swift; path = ChannelFaderView.swift; sourceTree = "<group>"; };
		A8040E60C78EC2FAF89B8AB7 /* Wilson.app */ = {isa = PBXFileReference; explicitFileType = wrapper.application; includeInIndex = 0; path = Wilson.app; sourceTree = BUILT_PRODUCTS_DIR; };
		A844464B464E6C6F04651AA3 /* DashboardView.swift */ = {isa = PBXFileReference; lastKnownFileType = sourcecode.swift; path = DashboardView.swift; sourceTree = "<group>"; };
		AAC1DDC62C405FAB0DF86EA3 /* CueService.swift */ = {isa = PBXFileReference; lastKnownFileType = sourcecode.swift; path = CueService.swift; sourceTree = "<group>"; };
		AB96170AD830DFD81168DA2E /* AppState.swift */ = {isa = PBXFileReference; lastKnownFileType = sourcecode.swift; path = AppState.swift; sourceTree = "<group>"; };
		AD5B6E23A31A13E0042BD240 /* PanSweepBehavior.swift */ = {isa = PBXFileReference; lastKnownFileType = sourcecode.swift; path = PanSweepBehavior.swift; sourceTree = "<group>"; };
		B3C672F2C193FF55199BC816 /* LightDesignerView.swift */ = {isa = PBXFileReference; lastKnownFileType = sourcecode.swift; path = LightDesignerView.swift; sourceTree = "<group>"; };
		BBB7E3B0604F9824FA11B068 /* RingBuffer.swift */ = {isa = PBXFileReference; lastKnownFileType = sourcecode.swift; path = RingBuffer.swift; sourceTree = "<group>"; };
		BCFAE8DBEF7680810286F02E /* SpectralAnalyzer.swift */ = {isa = PBXFileReference; lastKnownFileType = sourcecode.swift; path = SpectralAnalyzer.swift; sourceTree = "<group>"; };
		C08C34644B3967954C5F085B /* LookGenerator.swift */ = {isa = PBXFileReference; lastKnownFileType = sourcecode.swift; path = LookGenerator.swift; sourceTree = "<group>"; };
		C1B0FE26139CAFFC06084AF5 /* AdaptiveEnergyNormalizerTests.swift */ = {isa = PBXFileReference; lastKnownFileType = sourcecode.swift; path = AdaptiveEnergyNormalizerTests.swift; sourceTree = "<group>"; };
		C229E5F7A1F59612A6BEBFB3 /* FixtureDefinition.swift */ = {isa = PBXFileReference; lastKnownFileType = sourcecode.swift; path = FixtureDefinition.swift; sourceTree = "<group>"; };
		C93AED515DAC28AB427A09E4 /* WilsonApp.swift */ = {isa = PBXFileReference; lastKnownFileType = sourcecode.swift; path = WilsonApp.swift; sourceTree = "<group>"; };
		CB7F52389C9C40CD3CD25745 /* DMXControllerService.swift */ = {isa = PBXFileReference; lastKnownFileType = sourcecode.swift; path = DMXControllerService.swift; sourceTree = "<group>"; };
		CEAA64AA03AB455212258E7C /* CoreAudioTapService.swift */ = {isa = PBXFileReference; lastKnownFileType = sourcecode.swift; path = CoreAudioTapService.swift; sourceTree = "<group>"; };
		D0C68BB924C98F5A13EB112B /* WilsonTests.swift */ = {isa = PBXFileReference; lastKnownFileType = sourcecode.swift; path = WilsonTests.swift; sourceTree = "<group>"; };
		D3DA62BF67046527149AC07B /* StageSceneCoordinator.swift */ = {isa = PBXFileReference; lastKnownFileType = sourcecode.swift; path = StageSceneCoordinator.swift; sourceTree = "<group>"; };
		D6D0510E1433FFA967C6889A /* ContentView.swift */ = {isa = PBXFileReference; lastKnownFileType = sourcecode.swift; path = ContentView.swift; sourceTree = "<group>"; };
		DDB76240FBE009FD896C172D /* EngineClock.swift */ = {isa = PBXFileReference; lastKnownFileType = sourcecode.swift; path = EngineClock.swift; sourceTree = "<group>"; };
		DEC18A788496C75992581E05 /* MovementPatternBehavior.swift */ = {isa = PBXFileReference; lastKnownFileType = sourcecode.swift; path = MovementPatternBehavior.swift; sourceTree = "<group>"; };
		E048E08585BF15D43EE746B6 /* Info.plist */ = {isa = PBXFileReference; lastKnownFileType = text.plist; path = Info.plist; sourceTree = "<group>"; };
		E05687FC23C6A1F0866D807A /* StrobeBehavior.swift */ = {isa = PBXFileReference; lastKnownFileType = sourcecode.swift; path = StrobeBehavior.swift; sourceTree = "<group>"; };
		E103E235F8DFC78C1A8EE3E4 /* FixtureGroup.swift */ = {isa = PBXFileReference; lastKnownFileType = sourcecode.swift; path = FixtureGroup.swift; sourceTree = "<group>"; };
		EF72DE15873ADCC2486BA9EC /* SceneTaggingView.swift */ = {isa = PBXFileReference; lastKnownFileType = sourcecode.swift; path = SceneTaggingView.swift; sourceTree = "<group>"; };
		F4760DCAC878E679FA2EEFF4 /* MoodState.swift */ = {isa = PBXFileReference; lastKnownFileType = sourcecode.swift; path = MoodState.swift; sourceTree = "<group>"; };
		FA7895FB9760B896FC38858D /* DMXScene.swift */ = {isa = PBXFileReference; lastKnownFileType = sourcecode.swift; path = DMXScene.swift; sourceTree = "<group>"; };
		FE246F6703A9FDF8BF616663 /* BeatPulseBehavior.swift */ = {isa = PBXFileReference; lastKnownFileType = sourcecode.swift; path = BeatPulseBehavior.swift; sourceTree = "<group>"; };
		FFF20F127C9436DDFB8A4976 /* Fixture.swift */ = {isa = PBXFileReference; lastKnownFileType = sourcecode.swift; path = Fixture.swift; sourceTree = "<group>"; };
/* End PBXFileReference section */

/* Begin PBXGroup section */
		10BC9916E28CF0C47F4BEE80 /* Wilson */ = {
			isa = PBXGroup;
			children = (
				67D599BB32F983B9C3BDD23E /* App */,
				6E491ED49EB0DF8C9FA4091B /* Models */,
				6A7D584FF8313A6E48F4C792 /* Resources */,
				4E8BF6DDAAFB1F96EF99FC00 /* Services */,
				649BB06052A90B273A4256E0 /* Views */,
				E048E08585BF15D43EE746B6 /* Info.plist */,
				638DAB193B0913BC4CEC4D48 /* Wilson.entitlements */,
			);
			path = Wilson;
			sourceTree = "<group>";
		};
		3C6046182E19DBC1FB996F79 /* AudioCapture */ = {
			isa = PBXGroup;
			children = (
				730987D1CE95B292649246FF /* AudioCaptureService.swift */,
			);
			path = AudioCapture;
			sourceTree = "<group>";
		};
		401EF2BC733DD8483AB44EFD /* VirtualStage */ = {
			isa = PBXGroup;
			children = (
				07C5614333397C904FA31878 /* FixtureSceneNodes.swift */,
				0FF4F5C8751513239BE5F449 /* StageGeometry.swift */,
				38D2105436784A9CD54C80F0 /* StageMaterials.swift */,
				D3DA62BF67046527149AC07B /* StageSceneCoordinator.swift */,
				4F6B0075BAEEEE4FEFB25B97 /* StageSceneView.swift */,
				8DB31EBA73D9E8E3B26AFC0B /* VirtualFixtureView.swift */,
				49E1F8610E96FE6AEAAEECBA /* VirtualStageView.swift */,
			);
			path = VirtualStage;
			sourceTree = "<group>";
		};
		425F38567ECCEEC6639C955C = {
			isa = PBXGroup;
			children = (
				10BC9916E28CF0C47F4BEE80 /* Wilson */,
				E9188B2718C5169C1BFCC057 /* WilsonTests */,
				768BEDB6EF7900C40D0BE8CE /* Products */,
			);
			sourceTree = "<group>";
		};
		4E8BF6DDAAFB1F96EF99FC00 /* Services */ = {
			isa = PBXGroup;
			children = (
				CC3DD286A64B2EF38EE78C78 /* AudioAnalysis */,
				3C6046182E19DBC1FB996F79 /* AudioCapture */,
				BE0A3C99942DE4112442E9A3 /* CoreAudioTap */,
				9C8EF7BF8EA6F967415169C4 /* CueSystem */,
				6F0A1D55B61647DE3D8721AD /* DecisionEngine */,
				B5C49C37A1DFFBFC8577AE14 /* DMXController */,
				66DF84CE54BAC1DC2052EC32 /* DMXOutput */,
				5466C9025CCCE98DD0959D23 /* FixtureManagement */,
				9D827A3C3D7F0CD2426C8316 /* TestAudio */,
				77E89166D2D18ADAA2EFDCAC /* VirtualOutput */,
			);
			path = Services;
			sourceTree = "<group>";
		};
		5466C9025CCCE98DD0959D23 /* FixtureManagement */ = {
			isa = PBXGroup;
			children = (
				4963A41F06E9F462AF096A0C /* FixtureCatalog.swift */,
				680653EC2893A552CD747147 /* FixtureManager.swift */,
			);
			path = FixtureManagement;
			sourceTree = "<group>";
		};
		56DEF4DFCF8EBB05E7BA1CEB /* DMXController */ = {
			isa = PBXGroup;
			children = (
				A6BA759AF5AB531074E9122F /* ChannelFaderView.swift */,
				90CC2DB14C6A506F3A041E10 /* ControllerToolbarView.swift */,
				51FABBD1BDAB418F2998D839 /* DMXControllerView.swift */,
				2AECB7CC017271CFE0B121B8 /* FixtureFaderStripView.swift */,
				EF72DE15873ADCC2486BA9EC /* SceneTaggingView.swift */,
				99F5C6F9ECE1B05008E14D6A /* VerticalFaderView.swift */,
			);
			path = DMXController;
			sourceTree = "<group>";
		};
		649BB06052A90B273A4256E0 /* Views */ = {
			isa = PBXGroup;
			children = (
				CDFCAB20BAE2BC3A8EE26E98 /* Dashboard */,
				79C5DF70DCB0E77CADDC2FA3 /* Debug */,
				56DEF4DFCF8EBB05E7BA1CEB /* DMXController */,
				F771890B267D8BC40A831E53 /* LightDesigner */,
				401EF2BC733DD8483AB44EFD /* VirtualStage */,
			);
			path = Views;
			sourceTree = "<group>";
		};
		66DF84CE54BAC1DC2052EC32 /* DMXOutput */ = {
			isa = PBXGroup;
			children = (
				6C8FDF609582D0C92EC23DE2 /* DMXOutputService.swift */,
				1D3FF5E2B5704EF58B425E98 /* FixtureTranslator.swift */,
			);
			path = DMXOutput;
			sourceTree = "<group>";
		};
		67D599BB32F983B9C3BDD23E /* App */ = {
			isa = PBXGroup;
			children = (
				AB96170AD830DFD81168DA2E /* AppState.swift */,
				D6D0510E1433FFA967C6889A /* ContentView.swift */,
				C93AED515DAC28AB427A09E4 /* WilsonApp.swift */,
			);
			path = App;
			sourceTree = "<group>";
		};
		6A7D584FF8313A6E48F4C792 /* Resources */ = {
			isa = PBXGroup;
			children = (
				0EAA08AD57A8AD3ED95BD348 /* Assets.xcassets */,
			);
			path = Resources;
			sourceTree = "<group>";
		};
		6E491ED49EB0DF8C9FA4091B /* Models */ = {
			isa = PBXGroup;
			children = (
				8877B2F11C8A5BC94C2B2532 /* Cue.swift */,
				017A399C0A8779816C5A2F65 /* DMXFrame.swift */,
				FA7895FB9760B896FC38858D /* DMXScene.swift */,
				FFF20F127C9436DDFB8A4976 /* Fixture.swift */,
				C229E5F7A1F59612A6BEBFB3 /* FixtureDefinition.swift */,
				79A7CDC8AEE97A2EB2C49AF0 /* FixtureState.swift */,
				457FD7BB14F45F35C878F8B0 /* LightColor+Interpolation.swift */,
				98A3B6FAE4F868B1305549F6 /* MusicalKey+Color.swift */,
				3F00BBFE9999D285B82C15F4 /* MusicalState.swift */,
				9D84599BDE06A4BD048191D9 /* StageFixture.swift */,
			);
			path = Models;
			sourceTree = "<group>";
		};
		6F0A1D55B61647DE3D8721AD /* DecisionEngine */ = {
			isa = PBXGroup;
			children = (
				DC3BF7AB9D08C17A6E2BC718 /* Behaviors */,
				9F8A41F01F3A15CA136F73F7 /* Behavior.swift */,
				5C5921565D129CC76942BFE0 /* BehaviorContext.swift */,
				622450748D0F489CF71B0B0E /* BehaviorSlot.swift */,
				620FC99A73CD45F40CC77A7E /* Choreographer.swift */,
				90CC86618FDF62AC61E8E4EE /* ColorEngine.swift */,
				8D20517AAAE1EAC51CDF22D4 /* DecisionEngineService.swift */,
				DDB76240FBE009FD896C172D /* EngineClock.swift */,
				E103E235F8DFC78C1A8EE3E4 /* FixtureGroup.swift */,
				C08C34644B3967954C5F085B /* LookGenerator.swift */,
				0F5457A978B7E5C5364E4317 /* MoodEngine.swift */,
				F4760DCAC878E679FA2EEFF4 /* MoodState.swift */,
				1D111EF534A5B29B507C3487 /* MovementLimiter.swift */,
				04746DAF391004E15406A9B9 /* SceneLibrary.swift */,
				9E5FB61B1C11487ED1A94A85 /* TelemetryRecorder.swift */,
			);
			path = DecisionEngine;
			sourceTree = "<group>";
		};
		768BEDB6EF7900C40D0BE8CE /* Products */ = {
			isa = PBXGroup;
			children = (
				A8040E60C78EC2FAF89B8AB7 /* Wilson.app */,
				8462CECAB199124234E24BE8 /* WilsonTests.xctest */,
			);
			name = Products;
			sourceTree = "<group>";
		};
		77E89166D2D18ADAA2EFDCAC /* VirtualOutput */ = {
			isa = PBXGroup;
			children = (
				719BD39896E804D1AE715887 /* VirtualOutputService.swift */,
			);
			path = VirtualOutput;
			sourceTree = "<group>";
		};
		79C5DF70DCB0E77CADDC2FA3 /* Debug */ = {
			isa = PBXGroup;
			children = (
				4335C4D6C55FB975B781B45A /* AudioDebugView.swift */,
				40223F261EB45EE645500E72 /* EngineDebugOverlay.swift */,
			);
			path = Debug;
			sourceTree = "<group>";
		};
		9C8EF7BF8EA6F967415169C4 /* CueSystem */ = {
			isa = PBXGroup;
			children = (
				AAC1DDC62C405FAB0DF86EA3 /* CueService.swift */,
			);
			path = CueSystem;
			sourceTree = "<group>";
		};
		9D827A3C3D7F0CD2426C8316 /* TestAudio */ = {
			isa = PBXGroup;
			children = (
				8E30496912902BB73F0D26E5 /* TestAudioService.swift */,
			);
			path = TestAudio;
			sourceTree = "<group>";
		};
		B5C49C37A1DFFBFC8577AE14 /* DMXController */ = {
			isa = PBXGroup;
			children = (
				CB7F52389C9C40CD3CD25745 /* DMXControllerService.swift */,
			);
			path = DMXController;
			sourceTree = "<group>";
		};
		BE0A3C99942DE4112442E9A3 /* CoreAudioTap */ = {
			isa = PBXGroup;
			children = (
				CEAA64AA03AB455212258E7C /* CoreAudioTapService.swift */,
			);
			path = CoreAudioTap;
			sourceTree = "<group>";
		};
		CC3DD286A64B2EF38EE78C78 /* AudioAnalysis */ = {
			isa = PBXGroup;
			children = (
				32399E23BC210DCDBA80FAA1 /* AdaptiveEnergyNormalizer.swift */,
				62F3F2F821C0726058675AF7 /* AudioAnalysisService.swift */,
				56B164A7776115CB7706F3CC /* BeatTracker.swift */,
				423378397700EE14F5D341A3 /* ChromagramAnalyzer.swift */,
				1BD6D77DBB932D124934B75E /* DSPPipeline.swift */,
				721012FB9EABB73E7E4F98EC /* EnergyAnalyzer.swift */,
				289A35A7F72F231580CDCAB9 /* FFTEngine.swift */,
				4EE8A1D317633ED05AA283F2 /* OnsetDetector.swift */,
				BBB7E3B0604F9824FA11B068 /* RingBuffer.swift */,
				BCFAE8DBEF7680810286F02E /* SpectralAnalyzer.swift */,
			);
			path = AudioAnalysis;
			sourceTree = "<group>";
		};
		CDFCAB20BAE2BC3A8EE26E98 /* Dashboard */ = {
			isa = PBXGroup;
			children = (
				A844464B464E6C6F04651AA3 /* DashboardView.swift */,
			);
			path = Dashboard;
			sourceTree = "<group>";
		};
		DC3BF7AB9D08C17A6E2BC718 /* Behaviors */ = {
			isa = PBXGroup;
			children = (
				FE246F6703A9FDF8BF616663 /* BeatPulseBehavior.swift */,
				064CE256E99995F8663404C2 /* BlackoutAccentBehavior.swift */,
				9C6CF91286883D77967C2412 /* BreatheBehavior.swift */,
				03181DDCD678F005B13C1308 /* ChaseBehavior.swift */,
				4E9FF7BEB00E1E18C098020E /* ColorSplitBehavior.swift */,
				06D63A6C67BE7D58C2CC2F35 /* ColorWashBehavior.swift */,
				DEC18A788496C75992581E05 /* MovementPatternBehavior.swift */,
				AD5B6E23A31A13E0042BD240 /* PanSweepBehavior.swift */,
				6D71F92BCA22336F9F99F8A3 /* RandomLookBehavior.swift */,
				3E27AC8343FFEFFF9153B898 /* SpectralColorBehavior.swift */,
				E05687FC23C6A1F0866D807A /* StrobeBehavior.swift */,
				5B17932CD06D4A6B11FB28DB /* TiltBounceBehavior.swift */,
				43DFE39EC329F1DB3CEF5B16 /* TiltSweepBehavior.swift */,
			);
			path = Behaviors;
			sourceTree = "<group>";
		};
		E9188B2718C5169C1BFCC057 /* WilsonTests */ = {
			isa = PBXGroup;
			children = (
				C1B0FE26139CAFFC06084AF5 /* AdaptiveEnergyNormalizerTests.swift */,
				81A1809649ECDDFF30D5E44B /* AudioAnalysisTests.swift */,
				66165356EE267EDB47534379 /* SceneLibraryTests.swift */,
				5AAB7FD2485FDDE6784BAAD8 /* StageSceneTests.swift */,
				7DFD136ACB72217B7A54A345 /* TracerBulletTests.swift */,
				D0C68BB924C98F5A13EB112B /* WilsonTests.swift */,
			);
			path = WilsonTests;
			sourceTree = "<group>";
		};
		F771890B267D8BC40A831E53 /* LightDesigner */ = {
			isa = PBXGroup;
			children = (
				7E29520FAED53858607BD378 /* FixtureCatalogSheet.swift */,
				B3C672F2C193FF55199BC816 /* LightDesignerView.swift */,
			);
			path = LightDesigner;
			sourceTree = "<group>";
		};
/* End PBXGroup section */

/* Begin PBXNativeTarget section */
		0A01D7BEB669660B3036F132 /* WilsonTests */ = {
			isa = PBXNativeTarget;
			buildConfigurationList = 99AA4EB76C86F0D14132E529 /* Build configuration list for PBXNativeTarget "WilsonTests" */;
			buildPhases = (
				635A2C25F4B593D80FB3602B /* Sources */,
			);
			buildRules = (
			);
			dependencies = (
				7ACC0D928B987C61442A37B3 /* PBXTargetDependency */,
			);
			name = WilsonTests;
			packageProductDependencies = (
			);
			productName = WilsonTests;
			productReference = 8462CECAB199124234E24BE8 /* WilsonTests.xctest */;
			productType = "com.apple.product-type.bundle.unit-test";
		};
		852F92366F7CAF54DAD8E192 /* Wilson */ = {
			isa = PBXNativeTarget;
			buildConfigurationList = 61AEBE69B0152A38A3A49028 /* Build configuration list for PBXNativeTarget "Wilson" */;
			buildPhases = (
				CFEBDD7E6E1FD0E2E6B242F0 /* Sources */,
				ACEA9844D910FB2B90147C20 /* Resources */,
			);
			buildRules = (
			);
			dependencies = (
			);
			name = Wilson;
			packageProductDependencies = (
			);
			productName = Wilson;
			productReference = A8040E60C78EC2FAF89B8AB7 /* Wilson.app */;
			productType = "com.apple.product-type.application";
		};
/* End PBXNativeTarget section */

/* Begin PBXProject section */
		0420E227D786E78EF60D6263 /* Project object */ = {
			isa = PBXProject;
			attributes = {
				BuildIndependentTargetsInParallel = YES;
				LastUpgradeCheck = 1600;
				TargetAttributes = {
				};
			};
			buildConfigurationList = F843B9304361087F426455F7 /* Build configuration list for PBXProject "Wilson" */;
			developmentRegion = en;
			hasScannedForEncodings = 0;
			knownRegions = (
				Base,
				en,
			);
			mainGroup = 425F38567ECCEEC6639C955C;
			minimizedProjectReferenceProxies = 1;
			preferredProjectObjectVersion = 77;
			productRefGroup = 768BEDB6EF7900C40D0BE8CE /* Products */;
			projectDirPath = "";
			projectRoot = "";
			targets = (
				852F92366F7CAF54DAD8E192 /* Wilson */,
				0A01D7BEB669660B3036F132 /* WilsonTests */,
			);
		};
/* End PBXProject section */

/* Begin PBXResourcesBuildPhase section */
		ACEA9844D910FB2B90147C20 /* Resources */ = {
			isa = PBXResourcesBuildPhase;
			buildActionMask = 2147483647;
			files = (
				3585B984D13B999891A6C547 /* Assets.xcassets in Resources */,
			);
			runOnlyForDeploymentPostprocessing = 0;
		};
/* End PBXResourcesBuildPhase section */

/* Begin PBXSourcesBuildPhase section */
		635A2C25F4B593D80FB3602B /* Sources */ = {
			isa = PBXSourcesBuildPhase;
			buildActionMask = 2147483647;
			files = (
				4A210165888AB36B0551EA7B /* AdaptiveEnergyNormalizerTests.swift in Sources */,
				E2E5809E9FD650F2B7DAD071 /* AudioAnalysisTests.swift in Sources */,
				4BF0D5D45E4379B64D22005B /* SceneLibraryTests.swift in Sources */,
				9F1F3E9F67FEFD6C04B10D43 /* StageSceneTests.swift in Sources */,
				836346D4FE70017AADCEBEDD /* TracerBulletTests.swift in Sources */,
				3E28C5F1F26FD1866472C9CD /* WilsonTests.swift in Sources */,
			);
			runOnlyForDeploymentPostprocessing = 0;
		};
		CFEBDD7E6E1FD0E2E6B242F0 /* Sources */ = {
			isa = PBXSourcesBuildPhase;
			buildActionMask = 2147483647;
			files = (
				FAFF7C02EE08D1270D5082E2 /* AdaptiveEnergyNormalizer.swift in Sources */,
				A999C9117DA71F443C71EDA1 /* AppState.swift in Sources */,
				C926ED814C7480F0F8785F3A /* AudioAnalysisService.swift in Sources */,
				FBC83C01E152FB05B0F5835B /* AudioCaptureService.swift in Sources */,
				025E4A236227BD64554D218E /* AudioDebugView.swift in Sources */,
				618B20A3291748BF08F349DB /* BeatPulseBehavior.swift in Sources */,
				CA96168956126E2C8B0BA5F3 /* BeatTracker.swift in Sources */,
				D1532F846A79E365B9792DDF /* Behavior.swift in Sources */,
				6B60A71CFEC2FECCC088F66E /* BehaviorContext.swift in Sources */,
				21584EACFCB4DF321D149B62 /* BehaviorSlot.swift in Sources */,
				F23F433123FA06148299A3D2 /* BlackoutAccentBehavior.swift in Sources */,
				0DCEDBF76D11BB811E2F863A /* BreatheBehavior.swift in Sources */,
				83F77200F277116A863D02E8 /* ChannelFaderView.swift in Sources */,
				11527726883C21D6213661CE /* ChaseBehavior.swift in Sources */,
				DF98829A6D3760DF8F13CCCA /* Choreographer.swift in Sources */,
				7876ED0D61DB35ABFC8694CF /* ChromagramAnalyzer.swift in Sources */,
				3FB66DE836B42D0530B775F7 /* ColorEngine.swift in Sources */,
				7545605DD543AAA2483E83F3 /* ColorSplitBehavior.swift in Sources */,
				F4C15784D3B8C31E344A38AE /* ColorWashBehavior.swift in Sources */,
				F1246AA1783C3914304E9A9E /* ContentView.swift in Sources */,
				B307A2480A106B0BB4ADBF33 /* ControllerToolbarView.swift in Sources */,
				83553C7E4955CD7424F2BAA5 /* CoreAudioTapService.swift in Sources */,
				A45A735A9A42A9A9C25523E9 /* Cue.swift in Sources */,
				3969BFD5E5A2D472727D7EDA /* CueService.swift in Sources */,
				F66D5962F509F883510D0748 /* DMXControllerService.swift in Sources */,
				F98841AF24E6829464DB598D /* DMXControllerView.swift in Sources */,
				53F7069187C12A5DE52C6224 /* DMXFrame.swift in Sources */,
				B29183A3DAB5AE6CA793E61A /* DMXOutputService.swift in Sources */,
				0CBB802AFF4C12D6A267EC54 /* DMXScene.swift in Sources */,
				FF0108293FF7732D7A89E3E9 /* DSPPipeline.swift in Sources */,
				4EB72066461E958641FBCB78 /* DashboardView.swift in Sources */,
				1633DEA713D4EE32C63D8DBF /* DecisionEngineService.swift in Sources */,
				DAAE1FC8E374FBEC6C145BCC /* EnergyAnalyzer.swift in Sources */,
				2F6DB3D6B96C47001D82919F /* EngineClock.swift in Sources */,
				64B20847837CA6F1E8718623 /* EngineDebugOverlay.swift in Sources */,
				DB8A5C6C8FBF076A8A5485F5 /* FFTEngine.swift in Sources */,
				2276ED5989DD9F172CA7E01F /* Fixture.swift in Sources */,
				F37DC40AC6DE4314312297D5 /* FixtureCatalog.swift in Sources */,
				E00FABE291AD209CE94B5BB7 /* FixtureCatalogSheet.swift in Sources */,
				0F0FCCB822ED6E834E61741D /* FixtureDefinition.swift in Sources */,
				902BD39A1388869834A5D6A9 /* FixtureFaderStripView.swift in Sources */,
				8D66A6BEDD3886B0F236380A /* FixtureGroup.swift in Sources */,
				B4F2F5FD0DF4BA5E2D5C2025 /* FixtureManager.swift in Sources */,
				A9124817F438357EF484AE60 /* FixtureSceneNodes.swift in Sources */,
				C759BFDC313819981A52771E /* FixtureState.swift in Sources */,
				31F1B192CED31C94ED6463E9 /* FixtureTranslator.swift in Sources */,
				F98EE2E5AEFD60B2417D6007 /* LightColor+Interpolation.swift in Sources */,
				7DF919E3E536C59EEB1A1031 /* LightDesignerView.swift in Sources */,
				C7D0B64E76486E227878CE0C /* LookGenerator.swift in Sources */,
				4025F08B9F236D76BFE48EB4 /* MoodEngine.swift in Sources */,
				198F2823B9C7E6FAF67E915D /* MoodState.swift in Sources */,
				97183F12B4C4E5807A29CC11 /* MovementLimiter.swift in Sources */,
				74B5ADE8FDDA944356138820 /* MovementPatternBehavior.swift in Sources */,
				92E5E8BD24DE2766919E343A /* MusicalKey+Color.swift in Sources */,
				74C556662A4C8B32F6858950 /* MusicalState.swift in Sources */,
				AB3C1278A95855EECA792A45 /* OnsetDetector.swift in Sources */,
				31616630967ABA8F88B4FAFC /* PanSweepBehavior.swift in Sources */,
				F9C40680DF081D2091D8A37E /* RandomLookBehavior.swift in Sources */,
				54B7381CC6ABC99AE9B9FAAD /* RingBuffer.swift in Sources */,
				066421FB541F941F6242F8A9 /* SceneLibrary.swift in Sources */,
				22AC50C02F24CAE5B0029AD7 /* SceneTaggingView.swift in Sources */,
				45F1417123FFF6AEBCA4864E /* SpectralAnalyzer.swift in Sources */,
				E8339DE2267BB6533FACA57C /* SpectralColorBehavior.swift in Sources */,
				7B50EBAE6EE07AB84E5131A2 /* StageFixture.swift in Sources */,
				93FF02B87F274DC056FB4C31 /* StageGeometry.swift in Sources */,
				623C99CDA0C0B16CF57CEA4D /* StageMaterials.swift in Sources */,
				41107FCA8A49B15D0723D05D /* StageSceneCoordinator.swift in Sources */,
				C09C0B7CABF275C8BFE51FF4 /* StageSceneView.swift in Sources */,
				B8BB552EEE75AA4F00FCB462 /* StrobeBehavior.swift in Sources */,
				46587113B0057FFA393339E1 /* TelemetryRecorder.swift in Sources */,
				06F3C09975EFC2423CAACBBD /* TestAudioService.swift in Sources */,
				AB49C2EFA65339248E2CDE0A /* TiltBounceBehavior.swift in Sources */,
				020425E6F2E7989A31685AA5 /* TiltSweepBehavior.swift in Sources */,
				83ABB2974CCD486C57DFF6AC /* VerticalFaderView.swift in Sources */,
				559E1766D2449B806B514ED4 /* VirtualFixtureView.swift in Sources */,
				59C11113EF6365A670E0770C /* VirtualOutputService.swift in Sources */,
				342421959A9DD2A54E79B71B /* VirtualStageView.swift in Sources */,
				81030A3C16815BFAC8217620 /* WilsonApp.swift in Sources */,
			);
			runOnlyForDeploymentPostprocessing = 0;
		};
/* End PBXSourcesBuildPhase section */

/* Begin PBXTargetDependency section */
		7ACC0D928B987C61442A37B3 /* PBXTargetDependency */ = {
			isa = PBXTargetDependency;
			target = 852F92366F7CAF54DAD8E192 /* Wilson */;
			targetProxy = BD0968E16064AC8E9280727F /* PBXContainerItemProxy */;
		};
/* End PBXTargetDependency section */

/* Begin XCBuildConfiguration section */
		4763DBB25BB700971734D951 /* Debug */ = {
			isa = XCBuildConfiguration;
			buildSettings = {
				ALWAYS_SEARCH_USER_PATHS = NO;
				CLANG_ANALYZER_NONNULL = YES;
				CLANG_ANALYZER_NUMBER_OBJECT_CONVERSION = YES_AGGRESSIVE;
				CLANG_CXX_LANGUAGE_STANDARD = "gnu++14";
				CLANG_CXX_LIBRARY = "libc++";
				CLANG_ENABLE_MODULES = YES;
				CLANG_ENABLE_OBJC_ARC = YES;
				CLANG_ENABLE_OBJC_WEAK = YES;
				CLANG_WARN_BLOCK_CAPTURE_AUTORELEASING = YES;
				CLANG_WARN_BOOL_CONVERSION = YES;
				CLANG_WARN_COMMA = YES;
				CLANG_WARN_CONSTANT_CONVERSION = YES;
				CLANG_WARN_DEPRECATED_OBJC_IMPLEMENTATIONS = YES;
				CLANG_WARN_DIRECT_OBJC_ISA_USAGE = YES_ERROR;
				CLANG_WARN_DOCUMENTATION_COMMENTS = YES;
				CLANG_WARN_EMPTY_BODY = YES;
				CLANG_WARN_ENUM_CONVERSION = YES;
				CLANG_WARN_INFINITE_RECURSION = YES;
				CLANG_WARN_INT_CONVERSION = YES;
				CLANG_WARN_NON_LITERAL_NULL_CONVERSION = YES;
				CLANG_WARN_OBJC_IMPLICIT_RETAIN_SELF = YES;
				CLANG_WARN_OBJC_LITERAL_CONVERSION = YES;
				CLANG_WARN_OBJC_ROOT_CLASS = YES_ERROR;
				CLANG_WARN_QUOTED_INCLUDE_IN_FRAMEWORK_HEADER = YES;
				CLANG_WARN_RANGE_LOOP_ANALYSIS = YES;
				CLANG_WARN_STRICT_PROTOTYPES = YES;
				CLANG_WARN_SUSPICIOUS_MOVE = YES;
				CLANG_WARN_UNGUARDED_AVAILABILITY = YES_AGGRESSIVE;
				CLANG_WARN_UNREACHABLE_CODE = YES;
				CLANG_WARN__DUPLICATE_METHOD_MATCH = YES;
				COPY_PHASE_STRIP = NO;
				CURRENT_PROJECT_VERSION = 1;
				DEBUG_INFORMATION_FORMAT = dwarf;
				ENABLE_STRICT_OBJC_MSGSEND = YES;
				ENABLE_TESTABILITY = YES;
				GCC_C_LANGUAGE_STANDARD = gnu11;
				GCC_DYNAMIC_NO_PIC = NO;
				GCC_NO_COMMON_BLOCKS = YES;
				GCC_OPTIMIZATION_LEVEL = 0;
				GCC_PREPROCESSOR_DEFINITIONS = (
					"$(inherited)",
					"DEBUG=1",
				);
				GCC_WARN_64_TO_32_BIT_CONVERSION = YES;
				GCC_WARN_ABOUT_RETURN_TYPE = YES_ERROR;
				GCC_WARN_UNDECLARED_SELECTOR = YES;
				GCC_WARN_UNINITIALIZED_AUTOS = YES_AGGRESSIVE;
				GCC_WARN_UNUSED_FUNCTION = YES;
				GCC_WARN_UNUSED_VARIABLE = YES;
				MACOSX_DEPLOYMENT_TARGET = 15.0;
				MARKETING_VERSION = 0.1.0;
				MTL_ENABLE_DEBUG_INFO = INCLUDE_SOURCE;
				MTL_FAST_MATH = YES;
				ONLY_ACTIVE_ARCH = YES;
				PRODUCT_NAME = Wilson;
				SDKROOT = macosx;
				SWIFT_ACTIVE_COMPILATION_CONDITIONS = DEBUG;
				SWIFT_OPTIMIZATION_LEVEL = "-Onone";
				SWIFT_STRICT_CONCURRENCY = complete;
				SWIFT_VERSION = 6.0;
			};
			name = Debug;
		};
		5396D6F0A5EC40E11FA84884 /* Release */ = {
			isa = XCBuildConfiguration;
			buildSettings = {
				ALWAYS_SEARCH_USER_PATHS = NO;
				CLANG_ANALYZER_NONNULL = YES;
				CLANG_ANALYZER_NUMBER_OBJECT_CONVERSION = YES_AGGRESSIVE;
				CLANG_CXX_LANGUAGE_STANDARD = "gnu++14";
				CLANG_CXX_LIBRARY = "libc++";
				CLANG_ENABLE_MODULES = YES;
				CLANG_ENABLE_OBJC_ARC = YES;
				CLANG_ENABLE_OBJC_WEAK = YES;
				CLANG_WARN_BLOCK_CAPTURE_AUTORELEASING = YES;
				CLANG_WARN_BOOL_CONVERSION = YES;
				CLANG_WARN_COMMA = YES;
				CLANG_WARN_CONSTANT_CONVERSION = YES;
				CLANG_WARN_DEPRECATED_OBJC_IMPLEMENTATIONS = YES;
				CLANG_WARN_DIRECT_OBJC_ISA_USAGE = YES_ERROR;
				CLANG_WARN_DOCUMENTATION_COMMENTS = YES;
				CLANG_WARN_EMPTY_BODY = YES;
				CLANG_WARN_ENUM_CONVERSION = YES;
				CLANG_WARN_INFINITE_RECURSION = YES;
				CLANG_WARN_INT_CONVERSION = YES;
				CLANG_WARN_NON_LITERAL_NULL_CONVERSION = YES;
				CLANG_WARN_OBJC_IMPLICIT_RETAIN_SELF = YES;
				CLANG_WARN_OBJC_LITERAL_CONVERSION = YES;
				CLANG_WARN_OBJC_ROOT_CLASS = YES_ERROR;
				CLANG_WARN_QUOTED_INCLUDE_IN_FRAMEWORK_HEADER = YES;
				CLANG_WARN_RANGE_LOOP_ANALYSIS = YES;
				CLANG_WARN_STRICT_PROTOTYPES = YES;
				CLANG_WARN_SUSPICIOUS_MOVE = YES;
				CLANG_WARN_UNGUARDED_AVAILABILITY = YES_AGGRESSIVE;
				CLANG_WARN_UNREACHABLE_CODE = YES;
				CLANG_WARN__DUPLICATE_METHOD_MATCH = YES;
				COPY_PHASE_STRIP = NO;
				CURRENT_PROJECT_VERSION = 1;
				DEBUG_INFORMATION_FORMAT = "dwarf-with-dsym";
				ENABLE_NS_ASSERTIONS = NO;
				ENABLE_STRICT_OBJC_MSGSEND = YES;
				GCC_C_LANGUAGE_STANDARD = gnu11;
				GCC_NO_COMMON_BLOCKS = YES;
				GCC_WARN_64_TO_32_BIT_CONVERSION = YES;
				GCC_WARN_ABOUT_RETURN_TYPE = YES_ERROR;
				GCC_WARN_UNDECLARED_SELECTOR = YES;
				GCC_WARN_UNINITIALIZED_AUTOS = YES_AGGRESSIVE;
				GCC_WARN_UNUSED_FUNCTION = YES;
				GCC_WARN_UNUSED_VARIABLE = YES;
				MACOSX_DEPLOYMENT_TARGET = 15.0;
				MARKETING_VERSION = 0.1.0;
				MTL_ENABLE_DEBUG_INFO = NO;
				MTL_FAST_MATH = YES;
				PRODUCT_NAME = Wilson;
				SDKROOT = macosx;
				SWIFT_COMPILATION_MODE = wholemodule;
				SWIFT_OPTIMIZATION_LEVEL = "-O";
				SWIFT_STRICT_CONCURRENCY = complete;
				SWIFT_VERSION = 6.0;
			};
			name = Release;
		};
		77C6B1D8259C3364C402D66E /* Debug */ = {
			isa = XCBuildConfiguration;
			buildSettings = {
				BUNDLE_LOADER = "$(TEST_HOST)";
				COMBINE_HIDPI_IMAGES = YES;
				GENERATE_INFOPLIST_FILE = YES;
				LD_RUNPATH_SEARCH_PATHS = (
					"$(inherited)",
					"@executable_path/../Frameworks",
					"@loader_path/../Frameworks",
				);
				PRODUCT_BUNDLE_IDENTIFIER = com.landreman.WilsonTests;
				PRODUCT_MODULE_NAME = WilsonTests;
				SDKROOT = macosx;
				TEST_HOST = "$(BUILT_PRODUCTS_DIR)/Wilson.app/Contents/MacOS/Wilson";
			};
			name = Debug;
		};
		7CEBB931497265271C5DD84D /* Release */ = {
			isa = XCBuildConfiguration;
			buildSettings = {
				ASSETCATALOG_COMPILER_APPICON_NAME = AppIcon;
				CODE_SIGN_ENTITLEMENTS = Wilson/Wilson.entitlements;
				COMBINE_HIDPI_IMAGES = YES;
				ENABLE_HARDENED_RUNTIME = YES;
				INFOPLIST_FILE = Wilson/Info.plist;
				LD_RUNPATH_SEARCH_PATHS = (
					"$(inherited)",
					"@executable_path/../Frameworks",
				);
				PRODUCT_BUNDLE_IDENTIFIER = com.landreman.Wilson;
				SDKROOT = macosx;
			};
			name = Release;
		};
		CC3A1EEA97B780CC0D3C8676 /* Release */ = {
			isa = XCBuildConfiguration;
			buildSettings = {
				BUNDLE_LOADER = "$(TEST_HOST)";
				COMBINE_HIDPI_IMAGES = YES;
				GENERATE_INFOPLIST_FILE = YES;
				LD_RUNPATH_SEARCH_PATHS = (
					"$(inherited)",
					"@executable_path/../Frameworks",
					"@loader_path/../Frameworks",
				);
				PRODUCT_BUNDLE_IDENTIFIER = com.landreman.WilsonTests;
				PRODUCT_MODULE_NAME = WilsonTests;
				SDKROOT = macosx;
				TEST_HOST = "$(BUILT_PRODUCTS_DIR)/Wilson.app/Contents/MacOS/Wilson";
			};
			name = Release;
		};
		CF9E10E74FBD573A0C4796E4 /* Debug */ = {
			isa = XCBuildConfiguration;
			buildSettings = {
				ASSETCATALOG_COMPILER_APPICON_NAME = AppIcon;
				CODE_SIGN_ENTITLEMENTS = Wilson/Wilson.entitlements;
				COMBINE_HIDPI_IMAGES = YES;
				ENABLE_HARDENED_RUNTIME = YES;
				INFOPLIST_FILE = Wilson/Info.plist;
				LD_RUNPATH_SEARCH_PATHS = (
					"$(inherited)",
					"@executable_path/../Frameworks",
				);
				PRODUCT_BUNDLE_IDENTIFIER = com.landreman.Wilson;
				SDKROOT = macosx;
			};
			name = Debug;
		};
/* End XCBuildConfiguration section */

/* Begin XCConfigurationList section */
		61AEBE69B0152A38A3A49028 /* Build configuration list for PBXNativeTarget "Wilson" */ = {
			isa = XCConfigurationList;
			buildConfigurations = (
				CF9E10E74FBD573A0C4796E4 /* Debug */,
				7CEBB931497265271C5DD84D /* Release */,
			);
			defaultConfigurationIsVisible = 0;
			defaultConfigurationName = Debug;
		};
		99AA4EB76C86F0D14132E529 /* Build configuration list for PBXNativeTarget "WilsonTests" */ = {
			isa = XCConfigurationList;
			buildConfigurations = (
				77C6B1D8259C3364C402D66E /* Debug */,
				CC3A1EEA97B780CC0D3C8676 /* Release */,
			);
			defaultConfigurationIsVisible = 0;
			defaultConfigurationName = Debug;
		};
		F843B9304361087F426455F7 /* Build configuration list for PBXProject "Wilson" */ = {
			isa = XCConfigurationList;
			buildConfigurations = (
				4763DBB25BB700971734D951 /* Debug */,
				5396D6F0A5EC40E11FA84884 /* Release */,
			);
			defaultConfigurationIsVisible = 0;
			defaultConfigurationName = Debug;
		};
/* End XCConfigurationList section */
	};
	rootObject = 0420E227D786E78EF60D6263 /* Project object */;
}
